{
    "name": "js-framework-benchmark-non-keyed-rad-1.0-alpha",
    "version": "1.0-alpha",
    "lockfileVersion": 2,
    "requires": true,
    "packages": {
        "": {
            "name": "js-framework-benchmark-non-keyed-rad-1.0-alpha",
            "version": "1.0-alpha",
            "license": "Apache-2.0"
        }
    }
}
